// !$*UTF8*$!
{
	archiveVersion = 1;
	classes = {
	};
	objectVersion = 56;
	objects = {

/* Begin PBXBuildFile section */
		43AC02C328F9A9320040FC3D /* InterpolationAPIApp.swift in Sources */ = {isa = PBXBuildFile; fileRef = 43AC02C228F9A9320040FC3D /* InterpolationAPIApp.swift */; };
		43AC02C528F9A9320040FC3D /* ContentView.swift in Sources */ = {isa = PBXBuildFile; fileRef = 43AC02C428F9A9320040FC3D /* ContentView.swift */; };
		43AC02C728F9A9330040FC3D /* Assets.xcassets in Resources */ = {isa = PBXBuildFile; fileRef = 43AC02C628F9A9330040FC3D /* Assets.xcassets */; };
		43AC02CB28F9A9330040FC3D /* Preview Assets.xcassets in Resources */ = {isa = PBXBuildFile; fileRef = 43AC02CA28F9A9330040FC3D /* Preview Assets.xcassets */; };
		43AC02D528F9A9330040FC3D /* InterpolationAPITests.swift in Sources */ = {isa = PBXBuildFile; fileRef = 43AC02D428F9A9330040FC3D /* InterpolationAPITests.swift */; };
		43AC02DF28F9A9330040FC3D /* InterpolationAPIUITests.swift in Sources */ = {isa = PBXBuildFile; fileRef = 43AC02DE28F9A9330040FC3D /* InterpolationAPIUITests.swift */; };
		43AC02E128F9A9330040FC3D /* InterpolationAPIUITestsLaunchTests.swift in Sources */ = {isa = PBXBuildFile; fileRef = 43AC02E028F9A9330040FC3D /* InterpolationAPIUITestsLaunchTests.swift */; };
/* End PBXBuildFile section */

/* Begin PBXContainerItemProxy section */
		43AC02D128F9A9330040FC3D /* PBXContainerItemProxy */ = {
			isa = PBXContainerItemProxy;
			containerPortal = 43AC02B728F9A9320040FC3D /* Project object */;
			proxyType = 1;
			remoteGlobalIDString = 43AC02BE28F9A9320040FC3D;
			remoteInfo = InterpolationAPI;
		};
		43AC02DB28F9A9330040FC3D /* PBXContainerItemProxy */ = {
			isa = PBXContainerItemProxy;
			containerPortal = 43AC02B728F9A9320040FC3D /* Project object */;
			proxyType = 1;
			remoteGlobalIDString = 43AC02BE28F9A9320040FC3D;
			remoteInfo = InterpolationAPI;
		};
/* End PBXContainerItemProxy section */

/* Begin PBXFileReference section */
		43AC02BF28F9A9320040FC3D /* InterpolationAPI.app */ = {isa = PBXFileReference; explicitFileType = wrapper.application; includeInIndex = 0; path = InterpolationAPI.app; sourceTree = BUILT_PRODUCTS_DIR; };
		43AC02C228F9A9320040FC3D /* InterpolationAPIApp.swift */ = {isa = PBXFileReference; lastKnownFileType = sourcecode.swift; path = InterpolationAPIApp.swift; sourceTree = "<group>"; };
		43AC02C428F9A9320040FC3D /* ContentView.swift */ = {isa = PBXFileReference; lastKnownFileType = sourcecode.swift; path = ContentView.swift; sourceTree = "<group>"; };
		43AC02C628F9A9330040FC3D /* Assets.xcassets */ = {isa = PBXFileReference; lastKnownFileType = folder.assetcatalog; path = Assets.xcassets; sourceTree = "<group>"; };
		43AC02C828F9A9330040FC3D /* InterpolationAPI.entitlements */ = {isa = PBXFileReference; lastKnownFileType = text.plist.entitlements; path = InterpolationAPI.entitlements; sourceTree = "<group>"; };
		43AC02CA28F9A9330040FC3D /* Preview Assets.xcassets */ = {isa = PBXFileReference; lastKnownFileType = folder.assetcatalog; path = "Preview Assets.xcassets"; sourceTree = "<group>"; };
		43AC02D028F9A9330040FC3D /* InterpolationAPITests.xctest */ = {isa = PBXFileReference; explicitFileType = wrapper.cfbundle; includeInIndex = 0; path = InterpolationAPITests.xctest; sourceTree = BUILT_PRODUCTS_DIR; };
		43AC02D428F9A9330040FC3D /* InterpolationAPITests.swift */ = {isa = PBXFileReference; lastKnownFileType = sourcecode.swift; path = InterpolationAPITests.swift; sourceTree = "<group>"; };
		43AC02DA28F9A9330040FC3D /* InterpolationAPIUITests.xctest */ = {isa = PBXFileReference; explicitFileType = wrapper.cfbundle; includeInIndex = 0; path = InterpolationAPIUITests.xctest; sourceTree = BUILT_PRODUCTS_DIR; };
		43AC02DE28F9A9330040FC3D /* InterpolationAPIUITests.swift */ = {isa = PBXFileReference; lastKnownFileType = sourcecode.swift; path = InterpolationAPIUITests.swift; sourceTree = "<group>"; };
		43AC02E028F9A9330040FC3D /* InterpolationAPIUITestsLaunchTests.swift */ = {isa = PBXFileReference; lastKnownFileType = sourcecode.swift; path = InterpolationAPIUITestsLaunchTests.swift; sourceTree = "<group>"; };
/* End PBXFileReference section */

/* Begin PBXFrameworksBuildPhase section */
		43AC02BC28F9A9320040FC3D /* Frameworks */ = {
			isa = PBXFrameworksBuildPhase;
			buildActionMask = 2147483647;
			files = (
			);
			runOnlyForDeploymentPostprocessing = 0;
		};
		43AC02CD28F9A9330040FC3D /* Frameworks */ = {
			isa = PBXFrameworksBuildPhase;
			buildActionMask = 2147483647;
			files = (
			);
			runOnlyForDeploymentPostprocessing = 0;
		};
		43AC02D728F9A9330040FC3D /* Frameworks */ = {
			isa = PBXFrameworksBuildPhase;
			buildActionMask = 2147483647;
			files = (
			);
			runOnlyForDeploymentPostprocessing = 0;
		};
/* End PBXFrameworksBuildPhase section */

/* Begin PBXGroup section */
		43AC02B628F9A9320040FC3D = {
			isa = PBXGroup;
			children = (
				43AC02C128F9A9320040FC3D /* InterpolationAPI */,
				43AC02D328F9A9330040FC3D /* InterpolationAPITests */,
				43AC02DD28F9A9330040FC3D /* InterpolationAPIUITests */,
				43AC02C028F9A9320040FC3D /* Products */,
			);
			sourceTree = "<group>";
		};
		43AC02C028F9A9320040FC3D /* Products */ = {
			isa = PBXGroup;
			children = (
				43AC02BF28F9A9320040FC3D /* InterpolationAPI.app */,
				43AC02D028F9A9330040FC3D /* InterpolationAPITests.xctest */,
				43AC02DA28F9A9330040FC3D /* InterpolationAPIUITests.xctest */,
			);
			name = Products;
			sourceTree = "<group>";
		};
		43AC02C128F9A9320040FC3D /* InterpolationAPI */ = {
			isa = PBXGroup;
			children = (
				43AC02C228F9A9320040FC3D /* InterpolationAPIApp.swift */,
				43AC02C428F9A9320040FC3D /* ContentView.swift */,
				43AC02C628F9A9330040FC3D /* Assets.xcassets */,
				43AC02C828F9A9330040FC3D /* InterpolationAPI.entitlements */,
				43AC02C928F9A9330040FC3D /* Preview Content */,
			);
			path = InterpolationAPI;
			sourceTree = "<group>";
		};
		43AC02C928F9A9330040FC3D /* Preview Content */ = {
			isa = PBXGroup;
			children = (
				43AC02CA28F9A9330040FC3D /* Preview Assets.xcassets */,
			);
			path = "Preview Content";
			sourceTree = "<group>";
		};
		43AC02D328F9A9330040FC3D /* InterpolationAPITests */ = {
			isa = PBXGroup;
			children = (
				43AC02D428F9A9330040FC3D /* InterpolationAPITests.swift */,
			);
			path = InterpolationAPITests;
			sourceTree = "<group>";
		};
		43AC02DD28F9A9330040FC3D /* InterpolationAPIUITests */ = {
			isa = PBXGroup;
			children = (
				43AC02DE28F9A9330040FC3D /* InterpolationAPIUITests.swift */,
				43AC02E028F9A9330040FC3D /* InterpolationAPIUITestsLaunchTests.swift */,
			);
			path = InterpolationAPIUITests;
			sourceTree = "<group>";
		};
/* End PBXGroup section */

/* Begin PBXNativeTarget section */
		43AC02BE28F9A9320040FC3D /* InterpolationAPI */ = {
			isa = PBXNativeTarget;
			buildConfigurationList = 43AC02E428F9A9330040FC3D /* Build configuration list for PBXNativeTarget "InterpolationAPI" */;
			buildPhases = (
				43AC02BB28F9A9320040FC3D /* Sources */,
				43AC02BC28F9A9320040FC3D /* Frameworks */,
				43AC02BD28F9A9320040FC3D /* Resources */,
			);
			buildRules = (
			);
			dependencies = (
			);
			name = InterpolationAPI;
			productName = InterpolationAPI;
			productReference = 43AC02BF28F9A9320040FC3D /* InterpolationAPI.app */;
			productType = "com.apple.product-type.application";
		};
		43AC02CF28F9A9330040FC3D /* InterpolationAPITests */ = {
			isa = PBXNativeTarget;
			buildConfigurationList = 43AC02E728F9A9330040FC3D /* Build configuration list for PBXNativeTarget "InterpolationAPITests" */;
			buildPhases = (
				43AC02CC28F9A9330040FC3D /* Sources */,
				43AC02CD28F9A9330040FC3D /* Frameworks */,
				43AC02CE28F9A9330040FC3D /* Resources */,
			);
			buildRules = (
			);
			dependencies = (
				43AC02D228F9A9330040FC3D /* PBXTargetDependency */,
			);
			name = InterpolationAPITests;
			productName = InterpolationAPITests;
			productReference = 43AC02D028F9A9330040FC3D /* InterpolationAPITests.xctest */;
			productType = "com.apple.product-type.bundle.unit-test";
		};
		43AC02D928F9A9330040FC3D /* InterpolationAPIUITests */ = {
			isa = PBXNativeTarget;
			buildConfigurationList = 43AC02EA28F9A9330040FC3D /* Build configuration list for PBXNativeTarget "InterpolationAPIUITests" */;
			buildPhases = (
				43AC02D628F9A9330040FC3D /* Sources */,
				43AC02D728F9A9330040FC3D /* Frameworks */,
				43AC02D828F9A9330040FC3D /* Resources */,
			);
			buildRules = (
			);
			dependencies = (
				43AC02DC28F9A9330040FC3D /* PBXTargetDependency */,
			);
			name = InterpolationAPIUITests;
			productName = InterpolationAPIUITests;
			productReference = 43AC02DA28F9A9330040FC3D /* InterpolationAPIUITests.xctest */;
			productType = "com.apple.product-type.bundle.ui-testing";
		};
/* End PBXNativeTarget section */

/* Begin PBXProject section */
		43AC02B728F9A9320040FC3D /* Project object */ = {
			isa = PBXProject;
			attributes = {
				BuildIndependentTargetsInParallel = 1;
				LastSwiftUpdateCheck = 1400;
				LastUpgradeCheck = 1400;
				TargetAttributes = {
					43AC02BE28F9A9320040FC3D = {
						CreatedOnToolsVersion = 14.0.1;
					};
					43AC02CF28F9A9330040FC3D = {
						CreatedOnToolsVersion = 14.0.1;
						TestTargetID = 43AC02BE28F9A9320040FC3D;
					};
					43AC02D928F9A9330040FC3D = {
						CreatedOnToolsVersion = 14.0.1;
						TestTargetID = 43AC02BE28F9A9320040FC3D;
					};
				};
			};
			buildConfigurationList = 43AC02BA28F9A9320040FC3D /* Build configuration list for PBXProject "InterpolationAPI" */;
			compatibilityVersion = "Xcode 14.0";
			developmentRegion = en;
			hasScannedForEncodings = 0;
			knownRegions = (
				en,
				Base,
			);
			mainGroup = 43AC02B628F9A9320040FC3D;
			productRefGroup = 43AC02C028F9A9320040FC3D /* Products */;
			projectDirPath = "";
			projectRoot = "";
			targets = (
				43AC02BE28F9A9320040FC3D /* InterpolationAPI */,
				43AC02CF28F9A9330040FC3D /* InterpolationAPITests */,
				43AC02D928F9A9330040FC3D /* InterpolationAPIUITests */,
			);
		};
/* End PBXProject section */

/* Begin PBXResourcesBuildPhase section */
		43AC02BD28F9A9320040FC3D /* Resources */ = {
			isa = PBXResourcesBuildPhase;
			buildActionMask = 2147483647;
			files = (
				43AC02CB28F9A9330040FC3D /* Preview Assets.xcassets in Resources */,
				43AC02C728F9A9330040FC3D /* Assets.xcassets in Resources */,
			);
			runOnlyForDeploymentPostprocessing = 0;
		};
		43AC02CE28F9A9330040FC3D /* Resources */ = {
			isa = PBXResourcesBuildPhase;
			buildActionMask = 2147483647;
			files = (
			);
			runOnlyForDeploymentPostprocessing = 0;
		};
		43AC02D828F9A9330040FC3D /* Resources */ = {
			isa = PBXResourcesBuildPhase;
			buildActionMask = 2147483647;
			files = (
			);
			runOnlyForDeploymentPostprocessing = 0;
		};
/* End PBXResourcesBuildPhase section */

/* Begin PBXSourcesBuildPhase section */
		43AC02BB28F9A9320040FC3D /* Sources */ = {
			isa = PBXSourcesBuildPhase;
			buildActionMask = 2147483647;
			files = (
				43AC02C528F9A9320040FC3D /* ContentView.swift in Sources */,
				43AC02C328F9A9320040FC3D /* InterpolationAPIApp.swift in Sources */,
			);
			runOnlyForDeploymentPostprocessing = 0;
		};
		43AC02CC28F9A9330040FC3D /* Sources */ = {
			isa = PBXSourcesBuildPhase;
			buildActionMask = 2147483647;
			files = (
				43AC02D528F9A9330040FC3D /* InterpolationAPITests.swift in Sources */,
			);
			runOnlyForDeploymentPostprocessing = 0;
		};
		43AC02D628F9A9330040FC3D /* Sources */ = {
			isa = PBXSourcesBuildPhase;
			buildActionMask = 2147483647;
			files = (
				43AC02E128F9A9330040FC3D /* InterpolationAPIUITestsLaunchTests.swift in Sources */,
				43AC02DF28F9A9330040FC3D /* InterpolationAPIUITests.swift in Sources */,
			);
			runOnlyForDeploymentPostprocessing = 0;
		};
/* End PBXSourcesBuildPhase section */

/* Begin PBXTargetDependency section */
		43AC02D228F9A9330040FC3D /* PBXTargetDependency */ = {
			isa = PBXTargetDependency;
			target = 43AC02BE28F9A9320040FC3D /* InterpolationAPI */;
			targetProxy = 43AC02D128F9A9330040FC3D /* PBXContainerItemProxy */;
		};
		43AC02DC28F9A9330040FC3D /* PBXTargetDependency */ = {
			isa = PBXTargetDependency;
			target = 43AC02BE28F9A9320040FC3D /* InterpolationAPI */;
			targetProxy = 43AC02DB28F9A9330040FC3D /* PBXContainerItemProxy */;
		};
/* End PBXTargetDependency section */

/* Begin XCBuildConfiguration section */
		43AC02E228F9A9330040FC3D /* Debug */ = {
			isa = XCBuildConfiguration;
			buildSettings = {
				ALWAYS_SEARCH_USER_PATHS = NO;
				CLANG_ANALYZER_NONNULL = YES;
				CLANG_ANALYZER_NUMBER_OBJECT_CONVERSION = YES_AGGRESSIVE;
				CLANG_CXX_LANGUAGE_STANDARD = "gnu++20";
				CLANG_ENABLE_MODULES = YES;
				CLANG_ENABLE_OBJC_ARC = YES;
				CLANG_ENABLE_OBJC_WEAK = YES;
				CLANG_WARN_BLOCK_CAPTURE_AUTORELEASING = YES;
				CLANG_WARN_BOOL_CONVERSION = YES;
				CLANG_WARN_COMMA = YES;
				CLANG_WARN_CONSTANT_CONVERSION = YES;
				CLANG_WARN_DEPRECATED_OBJC_IMPLEMENTATIONS = YES;
				CLANG_WARN_DIRECT_OBJC_ISA_USAGE = YES_ERROR;
				CLANG_WARN_DOCUMENTATION_COMMENTS = YES;
				CLANG_WARN_EMPTY_BODY = YES;
				CLANG_WARN_ENUM_CONVERSION = YES;
				CLANG_WARN_INFINITE_RECURSION = YES;
				CLANG_WARN_INT_CONVERSION = YES;
				CLANG_WARN_NON_LITERAL_NULL_CONVERSION = YES;
				CLANG_WARN_OBJC_IMPLICIT_RETAIN_SELF = YES;
				CLANG_WARN_OBJC_LITERAL_CONVERSION = YES;
				CLANG_WARN_OBJC_ROOT_CLASS = YES_ERROR;
				CLANG_WARN_QUOTED_INCLUDE_IN_FRAMEWORK_HEADER = YES;
				CLANG_WARN_RANGE_LOOP_ANALYSIS = YES;
				CLANG_WARN_STRICT_PROTOTYPES = YES;
				CLANG_WARN_SUSPICIOUS_MOVE = YES;
				CLANG_WARN_UNGUARDED_AVAILABILITY = YES_AGGRESSIVE;
				CLANG_WARN_UNREACHABLE_CODE = YES;
				CLANG_WARN__DUPLICATE_METHOD_MATCH = YES;
				COPY_PHASE_STRIP = NO;
				DEBUG_INFORMATION_FORMAT = dwarf;
				ENABLE_STRICT_OBJC_MSGSEND = YES;
				ENABLE_TESTABILITY = YES;
				GCC_C_LANGUAGE_STANDARD = gnu11;
				GCC_DYNAMIC_NO_PIC = NO;
				GCC_NO_COMMON_BLOCKS = YES;
				GCC_OPTIMIZATION_LEVEL = 0;
				GCC_PREPROCESSOR_DEFINITIONS = (
					"DEBUG=1",
					"$(inherited)",
				);
				GCC_WARN_64_TO_32_BIT_CONVERSION = YES;
				GCC_WARN_ABOUT_RETURN_TYPE = YES_ERROR;
				GCC_WARN_UNDECLARED_SELECTOR = YES;
				GCC_WARN_UNINITIALIZED_AUTOS = YES_AGGRESSIVE;
				GCC_WARN_UNUSED_FUNCTION = YES;
				GCC_WARN_UNUSED_VARIABLE = YES;
				MTL_ENABLE_DEBUG_INFO = INCLUDE_SOURCE;
				MTL_FAST_MATH = YES;
				ONLY_ACTIVE_ARCH = YES;
				SWIFT_ACTIVE_COMPILATION_CONDITIONS = DEBUG;
				SWIFT_OPTIMIZATION_LEVEL = "-Onone";
			};
			name = Debug;
		};
		43AC02E328F9A9330040FC3D /* Release */ = {
			isa = XCBuildConfiguration;
			buildSettings = {
				ALWAYS_SEARCH_USER_PATHS = NO;
				CLANG_ANALYZER_NONNULL = YES;
				CLANG_ANALYZER_NUMBER_OBJECT_CONVERSION = YES_AGGRESSIVE;
				CLANG_CXX_LANGUAGE_STANDARD = "gnu++20";
				CLANG_ENABLE_MODULES = YES;
				CLANG_ENABLE_OBJC_ARC = YES;
				CLANG_ENABLE_OBJC_WEAK = YES;
				CLANG_WARN_BLOCK_CAPTURE_AUTORELEASING = YES;
				CLANG_WARN_BOOL_CONVERSION = YES;
				CLANG_WARN_COMMA = YES;
				CLANG_WARN_CONSTANT_CONVERSION = YES;
				CLANG_WARN_DEPRECATED_OBJC_IMPLEMENTATIONS = YES;
				CLANG_WARN_DIRECT_OBJC_ISA_USAGE = YES_ERROR;
				CLANG_WARN_DOCUMENTATION_COMMENTS = YES;
				CLANG_WARN_EMPTY_BODY = YES;
				CLANG_WARN_ENUM_CONVERSION = YES;
				CLANG_WARN_INFINITE_RECURSION = YES;
				CLANG_WARN_INT_CONVERSION = YES;
				CLANG_WARN_NON_LITERAL_NULL_CONVERSION = YES;
				CLANG_WARN_OBJC_IMPLICIT_RETAIN_SELF = YES;
				CLANG_WARN_OBJC_LITERAL_CONVERSION = YES;
				CLANG_WARN_OBJC_ROOT_CLASS = YES_ERROR;
				CLANG_WARN_QUOTED_INCLUDE_IN_FRAMEWORK_HEADER = YES;
				CLANG_WARN_RANGE_LOOP_ANALYSIS = YES;
				CLANG_WARN_STRICT_PROTOTYPES = YES;
				CLANG_WARN_SUSPICIOUS_MOVE = YES;
				CLANG_WARN_UNGUARDED_AVAILABILITY = YES_AGGRESSIVE;
				CLANG_WARN_UNREACHABLE_CODE = YES;
				CLANG_WARN__DUPLICATE_METHOD_MATCH = YES;
				COPY_PHASE_STRIP = NO;
				DEBUG_INFORMATION_FORMAT = "dwarf-with-dsym";
				ENABLE_NS_ASSERTIONS = NO;
				ENABLE_STRICT_OBJC_MSGSEND = YES;
				GCC_C_LANGUAGE_STANDARD = gnu11;
				GCC_NO_COMMON_BLOCKS = YES;
				GCC_WARN_64_TO_32_BIT_CONVERSION = YES;
				GCC_WARN_ABOUT_RETURN_TYPE = YES_ERROR;
				GCC_WARN_UNDECLARED_SELECTOR = YES;
				GCC_WARN_UNINITIALIZED_AUTOS = YES_AGGRESSIVE;
				GCC_WARN_UNUSED_FUNCTION = YES;
				GCC_WARN_UNUSED_VARIABLE = YES;
				MTL_ENABLE_DEBUG_INFO = NO;
				MTL_FAST_MATH = YES;
				SWIFT_COMPILATION_MODE = wholemodule;
				SWIFT_OPTIMIZATION_LEVEL = "-O";
			};
			name = Release;
		};
		43AC02E528F9A9330040FC3D /* Debug */ = {
			isa = XCBuildConfiguration;
			buildSettings = {
				ASSETCATALOG_COMPILER_APPICON_NAME = AppIcon;
				ASSETCATALOG_COMPILER_GLOBAL_ACCENT_COLOR_NAME = AccentColor;
				CODE_SIGN_ENTITLEMENTS = InterpolationAPI/InterpolationAPI.entitlements;
				CODE_SIGN_STYLE = Automatic;
				CURRENT_PROJECT_VERSION = 1;
				DEVELOPMENT_ASSET_PATHS = "\"InterpolationAPI/Preview Content\"";
				DEVELOPMENT_TEAM = 4V37SMT4Q2;
				ENABLE_HARDENED_RUNTIME = YES;
				ENABLE_PREVIEWS = YES;
				GENERATE_INFOPLIST_FILE = YES;
				"INFOPLIST_KEY_UIApplicationSceneManifest_Generation[sdk=iphoneos*]" = YES;
				"INFOPLIST_KEY_UIApplicationSceneManifest_Generation[sdk=iphonesimulator*]" = YES;
				"INFOPLIST_KEY_UIApplicationSupportsIndirectInputEvents[sdk=iphoneos*]" = YES;
				"INFOPLIST_KEY_UIApplicationSupportsIndirectInputEvents[sdk=iphonesimulator*]" = YES;
				"INFOPLIST_KEY_UILaunchScreen_Generation[sdk=iphoneos*]" = YES;
				"INFOPLIST_KEY_UILaunchScreen_Generation[sdk=iphonesimulator*]" = YES;
				"INFOPLIST_KEY_UIStatusBarStyle[sdk=iphoneos*]" = UIStatusBarStyleDefault;
				"INFOPLIST_KEY_UIStatusBarStyle[sdk=iphonesimulator*]" = UIStatusBarStyleDefault;
				INFOPLIST_KEY_UISupportedInterfaceOrientations_iPad = "UIInterfaceOrientationPortrait UIInterfaceOrientationPortraitUpsideDown UIInterfaceOrientationLandscapeLeft UIInterfaceOrientationLandscapeRight";
				INFOPLIST_KEY_UISupportedInterfaceOrientations_iPhone = "UIInterfaceOrientationPortrait UIInterfaceOrientationLandscapeLeft UIInterfaceOrientationLandscapeRight";
				IPHONEOS_DEPLOYMENT_TARGET = 16.0;
				LD_RUNPATH_SEARCH_PATHS = "@executable_path/Frameworks";
				"LD_RUNPATH_SEARCH_PATHS[sdk=macosx*]" = "@executable_path/../Frameworks";
				MACOSX_DEPLOYMENT_TARGET = 12.3;
				MARKETING_VERSION = 1.0;
				PRODUCT_BUNDLE_IDENTIFIER = Ha.InterpolationAPI;
				PRODUCT_NAME = "$(TARGET_NAME)";
				SDKROOT = auto;
				SUPPORTED_PLATFORMS = "iphoneos iphonesimulator macosx";
				SWIFT_EMIT_LOC_STRINGS = YES;
				SWIFT_VERSION = 5.0;
				TARGETED_DEVICE_FAMILY = "1,2";
			};
			name = Debug;
		};
		43AC02E628F9A9330040FC3D /* Release */ = {
			isa = XCBuildConfiguration;
			buildSettings = {
				ASSETCATALOG_COMPILER_APPICON_NAME = AppIcon;
				ASSETCATALOG_COMPILER_GLOBAL_ACCENT_COLOR_NAME = AccentColor;
				CODE_SIGN_ENTITLEMENTS = InterpolationAPI/InterpolationAPI.entitlements;
				CODE_SIGN_STYLE = Automatic;
				CURRENT_PROJECT_VERSION = 1;
				DEVELOPMENT_ASSET_PATHS = "\"InterpolationAPI/Preview Content\"";
				DEVELOPMENT_TEAM = 4V37SMT4Q2;
				ENABLE_HARDENED_RUNTIME = YES;
				ENABLE_PREVIEWS = YES;
				GENERATE_INFOPLIST_FILE = YES;
				"INFOPLIST_KEY_UIApplicationSceneManifest_Generation[sdk=iphoneos*]" = YES;
				"INFOPLIST_KEY_UIApplicationSceneManifest_Generation[sdk=iphonesimulator*]" = YES;
				"INFOPLIST_KEY_UIApplicationSupportsIndirectInputEvents[sdk=iphoneos*]" = YES;
				"INFOPLIST_KEY_UIApplicationSupportsIndirectInputEvents[sdk=iphonesimulator*]" = YES;
				"INFOPLIST_KEY_UILaunchScreen_Generation[sdk=iphoneos*]" = YES;
				"INFOPLIST_KEY_UILaunchScreen_Generation[sdk=iphonesimulator*]" = YES;
				"INFOPLIST_KEY_UIStatusBarStyle[sdk=iphoneos*]" = UIStatusBarStyleDefault;
				"INFOPLIST_KEY_UIStatusBarStyle[sdk=iphonesimulator*]" = UIStatusBarStyleDefault;
				INFOPLIST_KEY_UISupportedInterfaceOrientations_iPad = "UIInterfaceOrientationPortrait UIInterfaceOrientationPortraitUpsideDown UIInterfaceOrientationLandscapeLeft UIInterfaceOrientationLandscapeRight";
				INFOPLIST_KEY_UISupportedInterfaceOrientations_iPhone = "UIInterfaceOrientationPortrait UIInterfaceOrientationLandscapeLeft UIInterfaceOrientationLandscapeRight";
				IPHONEOS_DEPLOYMENT_TARGET = 16.0;
				LD_RUNPATH_SEARCH_PATHS = "@executable_path/Frameworks";
				"LD_RUNPATH_SEARCH_PATHS[sdk=macosx*]" = "@executable_path/../Frameworks";
				MACOSX_DEPLOYMENT_TARGET = 12.3;
				MARKETING_VERSION = 1.0;
				PRODUCT_BUNDLE_IDENTIFIER = Ha.InterpolationAPI;
				PRODUCT_NAME = "$(TARGET_NAME)";
				SDKROOT = auto;
				SUPPORTED_PLATFORMS = "iphoneos iphonesimulator macosx";
				SWIFT_EMIT_LOC_STRINGS = YES;
				SWIFT_VERSION = 5.0;
				TARGETED_DEVICE_FAMILY = "1,2";
			};
			name = Release;
		};
		43AC02E828F9A9330040FC3D /* Debug */ = {
			isa = XCBuildConfiguration;
			buildSettings = {
				ALWAYS_EMBED_SWIFT_STANDARD_LIBRARIES = YES;
				BUNDLE_LOADER = "$(TEST_HOST)";
				CODE_SIGN_STYLE = Automatic;
				CURRENT_PROJECT_VERSION = 1;
				DEVELOPMENT_TEAM = 4V37SMT4Q2;
				GENERATE_INFOPLIST_FILE = YES;
				IPHONEOS_DEPLOYMENT_TARGET = 16.0;
				MACOSX_DEPLOYMENT_TARGET = 12.3;
				MARKETING_VERSION = 1.0;
				PRODUCT_BUNDLE_IDENTIFIER = Ha.InterpolationAPITests;
				PRODUCT_NAME = "$(TARGET_NAME)";
				SDKROOT = auto;
				SUPPORTED_PLATFORMS = "iphoneos iphonesimulator macosx";
				SWIFT_EMIT_LOC_STRINGS = NO;
				SWIFT_VERSION = 5.0;
				TARGETED_DEVICE_FAMILY = "1,2";
				TEST_HOST = "$(BUILT_PRODUCTS_DIR)/InterpolationAPI.app/$(BUNDLE_EXECUTABLE_FOLDER_PATH)/InterpolationAPI";
			};
			name = Debug;
		};
		43AC02E928F9A9330040FC3D /* Release */ = {
			isa = XCBuildConfiguration;
			buildSettings = {
				ALWAYS_EMBED_SWIFT_STANDARD_LIBRARIES = YES;
				BUNDLE_LOADER = "$(TEST_HOST)";
				CODE_SIGN_STYLE = Automatic;
				CURRENT_PROJECT_VERSION = 1;
				DEVELOPMENT_TEAM = 4V37SMT4Q2;
				GENERATE_INFOPLIST_FILE = YES;
				IPHONEOS_DEPLOYMENT_TARGET = 16.0;
				MACOSX_DEPLOYMENT_TARGET = 12.3;
				MARKETING_VERSION = 1.0;
				PRODUCT_BUNDLE_IDENTIFIER = Ha.InterpolationAPITests;
				PRODUCT_NAME = "$(TARGET_NAME)";
				SDKROOT = auto;
				SUPPORTED_PLATFORMS = "iphoneos iphonesimulator macosx";
				SWIFT_EMIT_LOC_STRINGS = NO;
				SWIFT_VERSION = 5.0;
				TARGETED_DEVICE_FAMILY = "1,2";
				TEST_HOST = "$(BUILT_PRODUCTS_DIR)/InterpolationAPI.app/$(BUNDLE_EXECUTABLE_FOLDER_PATH)/InterpolationAPI";
			};
			name = Release;
		};
		43AC02EB28F9A9330040FC3D /* Debug */ = {
			isa = XCBuildConfiguration;
			buildSettings = {
				ALWAYS_EMBED_SWIFT_STANDARD_LIBRARIES = YES;
				CODE_SIGN_STYLE = Automatic;
				CURRENT_PROJECT_VERSION = 1;
				DEVELOPMENT_TEAM = 4V37SMT4Q2;
				GENERATE_INFOPLIST_FILE = YES;
				IPHONEOS_DEPLOYMENT_TARGET = 16.0;
				MACOSX_DEPLOYMENT_TARGET = 12.3;
				MARKETING_VERSION = 1.0;
				PRODUCT_BUNDLE_IDENTIFIER = Ha.InterpolationAPIUITests;
				PRODUCT_NAME = "$(TARGET_NAME)";
				SDKROOT = auto;
				SUPPORTED_PLATFORMS = "iphoneos iphonesimulator macosx";
				SWIFT_EMIT_LOC_STRINGS = NO;
				SWIFT_VERSION = 5.0;
				TARGETED_DEVICE_FAMILY = "1,2";
				TEST_TARGET_NAME = InterpolationAPI;
			};
			name = Debug;
		};
		43AC02EC28F9A9330040FC3D /* Release */ = {
			isa = XCBuildConfiguration;
			buildSettings = {
				ALWAYS_EMBED_SWIFT_STANDARD_LIBRARIES = YES;
				CODE_SIGN_STYLE = Automatic;
				CURRENT_PROJECT_VERSION = 1;
				DEVELOPMENT_TEAM = 4V37SMT4Q2;
				GENERATE_INFOPLIST_FILE = YES;
				IPHONEOS_DEPLOYMENT_TARGET = 16.0;
				MACOSX_DEPLOYMENT_TARGET = 12.3;
				MARKETING_VERSION = 1.0;
				PRODUCT_BUNDLE_IDENTIFIER = Ha.InterpolationAPIUITests;
				PRODUCT_NAME = "$(TARGET_NAME)";
				SDKROOT = auto;
				SUPPORTED_PLATFORMS = "iphoneos iphonesimulator macosx";
				SWIFT_EMIT_LOC_STRINGS = NO;
				SWIFT_VERSION = 5.0;
				TARGETED_DEVICE_FAMILY = "1,2";
				TEST_TARGET_NAME = InterpolationAPI;
			};
			name = Release;
		};
/* End XCBuildConfiguration section */

/* Begin XCConfigurationList section */
		43AC02BA28F9A9320040FC3D /* Build configuration list for PBXProject "InterpolationAPI" */ = {
			isa = XCConfigurationList;
			buildConfigurations = (
				43AC02E228F9A9330040FC3D /* Debug */,
				43AC02E328F9A9330040FC3D /* Release */,
			);
			defaultConfigurationIsVisible = 0;
			defaultConfigurationName = Release;
		};
		43AC02E428F9A9330040FC3D /* Build configuration list for PBXNativeTarget "InterpolationAPI" */ = {
			isa = XCConfigurationList;
			buildConfigurations = (
				43AC02E528F9A9330040FC3D /* Debug */,
				43AC02E628F9A9330040FC3D /* Release */,
			);
			defaultConfigurationIsVisible = 0;
			defaultConfigurationName = Release;
		};
		43AC02E728F9A9330040FC3D /* Build configuration list for PBXNativeTarget "InterpolationAPITests" */ = {
			isa = XCConfigurationList;
			buildConfigurations = (
				43AC02E828F9A9330040FC3D /* Debug */,
				43AC02E928F9A9330040FC3D /* Release */,
			);
			defaultConfigurationIsVisible = 0;
			defaultConfigurationName = Release;
		};
		43AC02EA28F9A9330040FC3D /* Build configuration list for PBXNativeTarget "InterpolationAPIUITests" */ = {
			isa = XCConfigurationList;
			buildConfigurations = (
				43AC02EB28F9A9330040FC3D /* Debug */,
				43AC02EC28F9A9330040FC3D /* Release */,
			);
			defaultConfigurationIsVisible = 0;
			defaultConfigurationName = Release;
		};
/* End XCConfigurationList section */
	};
	rootObject = 43AC02B728F9A9320040FC3D /* Project object */;
}
